
Microsoft Visual Studio Solution File, Format Version 12.00
# Visual Studio Version 16
VisualStudioVersion = 16.0.30804.86
MinimumVisualStudioVersion = 10.0.40219.1
Project("{FAE04EC0-301F-11D3-BF4B-00C04F79EFBC}") = "OOP", "OOP\OOP.csproj", "{500D93A2-32D5-45A4-ACA2-20D1C5E955BA}"
EndProject
Global
	GlobalSection(SolutionConfigurationPlatforms) = preSolution
		Debug|Any CPU = Debug|Any CPU
		Release|Any CPU = Release|Any CPU
	EndGlobalSection
	GlobalSection(ProjectConfigurationPlatforms) = postSolution
		{500D93A2-32D5-45A4-ACA2-20D1C5E955BA}.Debug|Any CPU.ActiveCfg = Debug|Any CPU
		{500D93A2-32D5-45A4-ACA2-20D1C5E955BA}.Debug|Any CPU.Build.0 = Debug|Any CPU
		{500D93A2-32D5-45A4-ACA2-20D1C5E955BA}.Release|Any CPU.ActiveCfg = Release|Any CPU
		{500D93A2-32D5-45A4-ACA2-20D1C5E955BA}.Release|Any CPU.Build.0 = Release|Any CPU
	EndGlobalSection
	GlobalSection(SolutionProperties) = preSolution
		HideSolutionNode = FALSE
	EndGlobalSection
	GlobalSection(ExtensibilityGlobals) = postSolution
		SolutionGuid = {6B0D7C57-95C4-4859-8E0A-246AD8A18C98}
	EndGlobalSection
EndGlobal
